
Microsoft Visual Studio Solution File, Format Version 12.00
# Visual Studio Version 16
VisualStudioVersion = 16.0.31105.61
MinimumVisualStudioVersion = 10.0.40219.1
Project("{FAE04EC0-301F-11D3-BF4B-00C04F79EFBC}") = "Demo", "Demo\Demo.csproj", "{2A9CFF8D-AC5B-40BC-9111-04D54A47017D}"
EndProject
Project("{FAE04EC0-301F-11D3-BF4B-00C04F79EFBC}") = "IntentoSDK", "IntentoSDK\IntentoSDK.csproj", "{14D9DA22-F8D4-4F62-975A-7BD821807528}"
EndProject
Global
	GlobalSection(SolutionConfigurationPlatforms) = preSolution
		Debug|Any CPU = Debug|Any CPU
		Release|Any CPU = Release|Any CPU
	EndGlobalSection
	GlobalSection(ProjectConfigurationPlatforms) = postSolution
		{2A9CFF8D-AC5B-40BC-9111-04D54A47017D}.Debug|Any CPU.ActiveCfg = Debug|Any CPU
		{2A9CFF8D-AC5B-40BC-9111-04D54A47017D}.Release|Any CPU.ActiveCfg = Release|Any CPU
		{14D9DA22-F8D4-4F62-975A-7BD821807528}.Debug|Any CPU.ActiveCfg = Debug|Any CPU
		{14D9DA22-F8D4-4F62-975A-7BD821807528}.Debug|Any CPU.Build.0 = Debug|Any CPU
		{14D9DA22-F8D4-4F62-975A-7BD821807528}.Release|Any CPU.ActiveCfg = Release|Any CPU
		{14D9DA22-F8D4-4F62-975A-7BD821807528}.Release|Any CPU.Build.0 = Release|Any CPU
	EndGlobalSection
	GlobalSection(SolutionProperties) = preSolution
		HideSolutionNode = FALSE
	EndGlobalSection
	GlobalSection(ExtensibilityGlobals) = postSolution
		SolutionGuid = {E3D402D0-6D1F-4643-9AF1-3A9677D790A4}
	EndGlobalSection
EndGlobal
