
Microsoft Visual Studio Solution File, Format Version 12.00
# Visual Studio Version 16
VisualStudioVersion = 16.0.31105.61
MinimumVisualStudioVersion = 10.0.40219.1
Project("{FAE04EC0-301F-11D3-BF4B-00C04F79EFBC}") = "Intento.SDK", "Intento.SDK\Intento.SDK.csproj", "{4E19A0FB-B31C-4EB7-8749-E2A6768176AF}"
EndProject
Project("{FAE04EC0-301F-11D3-BF4B-00C04F79EFBC}") = "Intento.SDK.Tests", "Intento.SDK.Tests\Intento.SDK.Tests.csproj", "{42BC6D76-8B83-4417-A2AB-877D435F1913}"
EndProject
Project("{FAE04EC0-301F-11D3-BF4B-00C04F79EFBC}") = "Intento.SDK.DependencyInjection", "Intento.SDK.DependencyInjection\Intento.SDK.DependencyInjection.csproj", "{1F200DE3-95B3-46C1-B82C-30B42ECC5851}"
EndProject
Project("{FAE04EC0-301F-11D3-BF4B-00C04F79EFBC}") = "Intento.SDK.Autofac", "Intento.SDK.Autofac\Intento.SDK.Autofac.csproj", "{9DD5A074-9F3D-48B2-A34C-AD17359ECB1D}"
EndProject
Project("{FAE04EC0-301F-11D3-BF4B-00C04F79EFBC}") = "Intento.SDK.Tests.DependencyInjection", "Intento.SDK.Tests.DependencyInjection\Intento.SDK.Tests.DependencyInjection.csproj", "{EDE86695-A139-40A3-8797-2E1488228569}"
EndProject
Project("{FAE04EC0-301F-11D3-BF4B-00C04F79EFBC}") = "Intento.SDK.Tests.Autofac", "Intento.SDK.Tests.Autofac\Intento.SDK.Tests.Autofac.csproj", "{5F65017E-68B6-4D5C-91E1-34F2740D13CA}"
EndProject
Project("{FAE04EC0-301F-11D3-BF4B-00C04F79EFBC}") = "Intento.SDK.Ninject", "Intento.SDK.Ninject\Intento.SDK.Ninject.csproj", "{CF7EB14B-3E46-40C7-9566-FCEEC75D2991}"
EndProject
Project("{FAE04EC0-301F-11D3-BF4B-00C04F79EFBC}") = "Intento.SDK.Tests.Ninject", "Intento.SDK.Tests.Ninject\Intento.SDK.Tests.Ninject.csproj", "{C516BAF6-06B9-4C08-92AE-0FFB7208395A}"
EndProject
Global
	GlobalSection(SolutionConfigurationPlatforms) = preSolution
		Debug|Any CPU = Debug|Any CPU
		Release|Any CPU = Release|Any CPU
	EndGlobalSection
	GlobalSection(ProjectConfigurationPlatforms) = postSolution
		{4E19A0FB-B31C-4EB7-8749-E2A6768176AF}.Debug|Any CPU.ActiveCfg = Debug|Any CPU
		{4E19A0FB-B31C-4EB7-8749-E2A6768176AF}.Debug|Any CPU.Build.0 = Debug|Any CPU
		{4E19A0FB-B31C-4EB7-8749-E2A6768176AF}.Release|Any CPU.ActiveCfg = Release|Any CPU
		{4E19A0FB-B31C-4EB7-8749-E2A6768176AF}.Release|Any CPU.Build.0 = Release|Any CPU
		{42BC6D76-8B83-4417-A2AB-877D435F1913}.Debug|Any CPU.ActiveCfg = Debug|Any CPU
		{42BC6D76-8B83-4417-A2AB-877D435F1913}.Release|Any CPU.ActiveCfg = Release|Any CPU
		{42BC6D76-8B83-4417-A2AB-877D435F1913}.Debug|Any CPU.Build.0 = Debug|Any CPU
		{1F200DE3-95B3-46C1-B82C-30B42ECC5851}.Debug|Any CPU.ActiveCfg = Debug|Any CPU
		{1F200DE3-95B3-46C1-B82C-30B42ECC5851}.Debug|Any CPU.Build.0 = Debug|Any CPU
		{1F200DE3-95B3-46C1-B82C-30B42ECC5851}.Release|Any CPU.ActiveCfg = Release|Any CPU
		{1F200DE3-95B3-46C1-B82C-30B42ECC5851}.Release|Any CPU.Build.0 = Release|Any CPU
		{9DD5A074-9F3D-48B2-A34C-AD17359ECB1D}.Debug|Any CPU.ActiveCfg = Debug|Any CPU
		{9DD5A074-9F3D-48B2-A34C-AD17359ECB1D}.Debug|Any CPU.Build.0 = Debug|Any CPU
		{9DD5A074-9F3D-48B2-A34C-AD17359ECB1D}.Release|Any CPU.ActiveCfg = Release|Any CPU
		{9DD5A074-9F3D-48B2-A34C-AD17359ECB1D}.Release|Any CPU.Build.0 = Release|Any CPU
		{EDE86695-A139-40A3-8797-2E1488228569}.Debug|Any CPU.ActiveCfg = Debug|Any CPU
		{EDE86695-A139-40A3-8797-2E1488228569}.Debug|Any CPU.Build.0 = Debug|Any CPU
		{EDE86695-A139-40A3-8797-2E1488228569}.Release|Any CPU.ActiveCfg = Release|Any CPU
		{5F65017E-68B6-4D5C-91E1-34F2740D13CA}.Debug|Any CPU.ActiveCfg = Debug|Any CPU
		{5F65017E-68B6-4D5C-91E1-34F2740D13CA}.Debug|Any CPU.Build.0 = Debug|Any CPU
		{5F65017E-68B6-4D5C-91E1-34F2740D13CA}.Release|Any CPU.ActiveCfg = Release|Any CPU
		{CF7EB14B-3E46-40C7-9566-FCEEC75D2991}.Debug|Any CPU.ActiveCfg = Debug|Any CPU
		{CF7EB14B-3E46-40C7-9566-FCEEC75D2991}.Debug|Any CPU.Build.0 = Debug|Any CPU
		{CF7EB14B-3E46-40C7-9566-FCEEC75D2991}.Release|Any CPU.ActiveCfg = Release|Any CPU
		{CF7EB14B-3E46-40C7-9566-FCEEC75D2991}.Release|Any CPU.Build.0 = Release|Any CPU
		{C516BAF6-06B9-4C08-92AE-0FFB7208395A}.Debug|Any CPU.ActiveCfg = Debug|Any CPU
		{C516BAF6-06B9-4C08-92AE-0FFB7208395A}.Debug|Any CPU.Build.0 = Debug|Any CPU
		{C516BAF6-06B9-4C08-92AE-0FFB7208395A}.Release|Any CPU.ActiveCfg = Release|Any CPU
	EndGlobalSection
	GlobalSection(SolutionProperties) = preSolution
		HideSolutionNode = FALSE
	EndGlobalSection
	GlobalSection(ExtensibilityGlobals) = postSolution
		SolutionGuid = {E3D402D0-6D1F-4643-9AF1-3A9677D790A4}
	EndGlobalSection
EndGlobal
