
Microsoft Visual Studio Solution File, Format Version 12.00
# Visual Studio 15
VisualStudioVersion = 15.0.27703.2026
MinimumVisualStudioVersion = 10.0.40219.1
Project("{FAE04EC0-301F-11D3-BF4B-00C04F79EFBC}") = "IntentoSDK", "IntentoSDK\IntentoSDK.csproj", "{14D9DA22-F8D4-4F62-975A-7BD821807528}"
EndProject
Project("{FAE04EC0-301F-11D3-BF4B-00C04F79EFBC}") = "TestForm", "TestForm\TestForm.csproj", "{6DBE8430-0B79-4BB8-90DC-170ED3E7C7BD}"
EndProject
Project("{2150E333-8FDC-42A3-9474-1A3956D46DE8}") = "Solution Items", "Solution Items", "{A7F67A78-59A2-4D4E-851C-8AC3EA118453}"
	ProjectSection(SolutionItems) = preProject
		README.md = README.md
	EndProjectSection
EndProject
Global
	GlobalSection(SolutionConfigurationPlatforms) = preSolution
		Debug|Any CPU = Debug|Any CPU
		Release|Any CPU = Release|Any CPU
	EndGlobalSection
	GlobalSection(ProjectConfigurationPlatforms) = postSolution
		{14D9DA22-F8D4-4F62-975A-7BD821807528}.Debug|Any CPU.ActiveCfg = Debug|Any CPU
		{14D9DA22-F8D4-4F62-975A-7BD821807528}.Debug|Any CPU.Build.0 = Debug|Any CPU
		{14D9DA22-F8D4-4F62-975A-7BD821807528}.Release|Any CPU.ActiveCfg = Release|Any CPU
		{14D9DA22-F8D4-4F62-975A-7BD821807528}.Release|Any CPU.Build.0 = Release|Any CPU
		{6DBE8430-0B79-4BB8-90DC-170ED3E7C7BD}.Debug|Any CPU.ActiveCfg = Debug|Any CPU
		{6DBE8430-0B79-4BB8-90DC-170ED3E7C7BD}.Debug|Any CPU.Build.0 = Debug|Any CPU
		{6DBE8430-0B79-4BB8-90DC-170ED3E7C7BD}.Release|Any CPU.ActiveCfg = Release|Any CPU
		{6DBE8430-0B79-4BB8-90DC-170ED3E7C7BD}.Release|Any CPU.Build.0 = Release|Any CPU
	EndGlobalSection
	GlobalSection(SolutionProperties) = preSolution
		HideSolutionNode = FALSE
	EndGlobalSection
	GlobalSection(ExtensibilityGlobals) = postSolution
		SolutionGuid = {F5592EFB-6B8B-4A8E-A6AB-4150B3DBC2BD}
	EndGlobalSection
EndGlobal
